
Microsoft Visual Studio Solution File, Format Version 12.00
# Visual Studio Version 16
VisualStudioVersion = 16.0.29911.84
MinimumVisualStudioVersion = 10.0.40219.1
Project("{9A19103F-16F7-4668-BE54-9A1E7A4F7556}") = "AuthenticationApi", "AuthenticationApi\AuthenticationApi.csproj", "{8264FC11-0025-43B8-B849-54A483D8416E}"
EndProject
Project("{FAE04EC0-301F-11D3-BF4B-00C04F79EFBC}") = "NUnitTestAuthentication", "NUnitTestAuthentication\NUnitTestAuthentication.csproj", "{A93110EF-8432-4FFD-8BBA-07C4D1B0EEE3}"
EndProject
Global
	GlobalSection(SolutionConfigurationPlatforms) = preSolution
		Debug|Any CPU = Debug|Any CPU
		Release|Any CPU = Release|Any CPU
	EndGlobalSection
	GlobalSection(ProjectConfigurationPlatforms) = postSolution
		{8264FC11-0025-43B8-B849-54A483D8416E}.Debug|Any CPU.ActiveCfg = Debug|Any CPU
		{8264FC11-0025-43B8-B849-54A483D8416E}.Debug|Any CPU.Build.0 = Debug|Any CPU
		{8264FC11-0025-43B8-B849-54A483D8416E}.Release|Any CPU.ActiveCfg = Release|Any CPU
		{8264FC11-0025-43B8-B849-54A483D8416E}.Release|Any CPU.Build.0 = Release|Any CPU
		{A93110EF-8432-4FFD-8BBA-07C4D1B0EEE3}.Debug|Any CPU.ActiveCfg = Debug|Any CPU
		{A93110EF-8432-4FFD-8BBA-07C4D1B0EEE3}.Debug|Any CPU.Build.0 = Debug|Any CPU
		{A93110EF-8432-4FFD-8BBA-07C4D1B0EEE3}.Release|Any CPU.ActiveCfg = Release|Any CPU
		{A93110EF-8432-4FFD-8BBA-07C4D1B0EEE3}.Release|Any CPU.Build.0 = Release|Any CPU
	EndGlobalSection
	GlobalSection(SolutionProperties) = preSolution
		HideSolutionNode = FALSE
	EndGlobalSection
	GlobalSection(ExtensibilityGlobals) = postSolution
		SolutionGuid = {F5023055-CDC5-43A6-B3A3-F9E922884525}
	EndGlobalSection
EndGlobal
